
Microsoft Visual Studio Solution File, Format Version 12.00
# Visual Studio Version 17
VisualStudioVersion = 17.2.32616.157
MinimumVisualStudioVersion = 10.0.40219.1
Project("{FAE04EC0-301F-11D3-BF4B-00C04F79EFBC}") = "ConsoleAppTesting", "ConsoleAppTesting\ConsoleAppTesting.csproj", "{C5A13549-9F13-4712-AC2B-F9DC1131C4D0}"
EndProject
Project("{FAE04EC0-301F-11D3-BF4B-00C04F79EFBC}") = "ConsoleCalc", "ConsoleCalc\ConsoleCalc.csproj", "{BF54FC2E-76B1-4AF5-A416-F6549133C630}"
EndProject
Global
	GlobalSection(SolutionConfigurationPlatforms) = preSolution
		Debug|Any CPU = Debug|Any CPU
		Release|Any CPU = Release|Any CPU
	EndGlobalSection
	GlobalSection(ProjectConfigurationPlatforms) = postSolution
		{C5A13549-9F13-4712-AC2B-F9DC1131C4D0}.Debug|Any CPU.ActiveCfg = Debug|Any CPU
		{C5A13549-9F13-4712-AC2B-F9DC1131C4D0}.Debug|Any CPU.Build.0 = Debug|Any CPU
		{C5A13549-9F13-4712-AC2B-F9DC1131C4D0}.Release|Any CPU.ActiveCfg = Release|Any CPU
		{C5A13549-9F13-4712-AC2B-F9DC1131C4D0}.Release|Any CPU.Build.0 = Release|Any CPU
		{BF54FC2E-76B1-4AF5-A416-F6549133C630}.Debug|Any CPU.ActiveCfg = Debug|Any CPU
		{BF54FC2E-76B1-4AF5-A416-F6549133C630}.Debug|Any CPU.Build.0 = Debug|Any CPU
		{BF54FC2E-76B1-4AF5-A416-F6549133C630}.Release|Any CPU.ActiveCfg = Release|Any CPU
		{BF54FC2E-76B1-4AF5-A416-F6549133C630}.Release|Any CPU.Build.0 = Release|Any CPU
	EndGlobalSection
	GlobalSection(SolutionProperties) = preSolution
		HideSolutionNode = FALSE
	EndGlobalSection
	GlobalSection(ExtensibilityGlobals) = postSolution
		SolutionGuid = {4DAF63B1-65EA-4F9F-9F1C-1A5C6D794B41}
	EndGlobalSection
EndGlobal
